{
  "version": "3",
  "packages": {
    "specifiers": {
      "npm:markdown-it-testgen": "npm:markdown-it-testgen@0.1.6"
    },
    "npm": {
      "argparse@1.0.10": {
        "integrity": "sha512-o5Roy6tNG4SL/FOkCAN6RzjiakZS25RLYFrcMttJqbdd8BWrnA+fGz57iN5Pb06pvBGvl5gQ0B48dJlslXvoTg==",
        "dependencies": {
          "sprintf-js": "sprintf-js@1.0.3"
        }
      },
      "assertion-error@1.0.0": {
        "integrity": "sha512-g/gZV+G476cnmtYI+Ko9d5khxSoCSoom/EaNmmCfwpOvBXEJ18qwFrxfP1/CsIqk2no1sAKKwxndV0tP7ROOFQ==",
        "dependencies": {}
      },
      "chai@1.10.0": {
        "integrity": "sha512-E3L9M2SeQU1XagJkE9KJyTAXXHKJkJ1EsKkFp0Rl53lYa3mro2PVgYHNiCb2YRa2nUeyg7aqmI1EIcSBayNd5w==",
        "dependencies": {
          "assertion-error": "assertion-error@1.0.0",
          "deep-eql": "deep-eql@0.1.3"
        }
      },
      "deep-eql@0.1.3": {
        "integrity": "sha512-6sEotTRGBFiNcqVoeHwnfopbSpi5NbH1VWJmYCVkmxMmaVTT0bUTrNaGyBwhgP4MZL012W/mkzIn3Da+iDYweg==",
        "dependencies": {
          "type-detect": "type-detect@0.1.1"
        }
      },
      "esprima@4.0.1": {
        "integrity": "sha512-eGuFFw7Upda+g4p+QHvnW0RyTX/SVeJBDM/gCtMARO0cLuT2HcEKnTPvhjV6aGeqrCB/sbNop0Kszm0jsaWU4A==",
        "dependencies": {}
      },
      "js-yaml@3.14.1": {
        "integrity": "sha512-okMH7OXXJ7YrN9Ok3/SXrnu4iX9yOk+25nqX4imS2npuvTYDmo/QEZoqwZkYaIDk3jVvBOTOIEgEhaLOynBS9g==",
        "dependencies": {
          "argparse": "argparse@1.0.10",
          "esprima": "esprima@4.0.1"
        }
      },
      "markdown-it-testgen@0.1.6": {
        "integrity": "sha512-hYC71G4Mcv3Y7fLTsi4PyoHKSs0P4UgkpzmGBtUYoR/TS83lFbfXUMaI71OiMJ9r4p3fbMhHBwdNTLhSDwmt6Q==",
        "dependencies": {
          "chai": "chai@1.10.0",
          "js-yaml": "js-yaml@3.14.1",
          "object-assign": "object-assign@4.1.1"
        }
      },
      "object-assign@4.1.1": {
        "integrity": "sha512-rJgTQnkUnH1sFw8yT6VSU3zD3sWmu6sZhIseY8VX+GRu3P6F7Fu+JNDoXfklElbLJSnc3FUQHVe4cU5hj+BcUg==",
        "dependencies": {}
      },
      "sprintf-js@1.0.3": {
        "integrity": "sha512-D9cPgkvLlV3t3IzL0D0YLvGA9Ahk4PcvVwUbN0dSGr1aP0Nrt4AEnTUbuGvquEC0mA64Gqt1fzirlRs5ibXx8g==",
        "dependencies": {}
      },
      "type-detect@0.1.1": {
        "integrity": "sha512-5rqszGVwYgBoDkIm2oUtvkfZMQ0vk29iDMU0W2qCa3rG0vPDNczCMT4hV/bLBgLg8k8ri6+u3Zbt+S/14eMzlA==",
        "dependencies": {}
      }
    }
  },
  "remote": {},
  "workspace": {
    "packageJson": {
      "dependencies": [
        "npm:markdown-it-testgen@^0.1.6"
      ]
    }
  }
}
